// !$*UTF8*$!
{
	archiveVersion = 1;
	classes = {
	};
	objectVersion = 46;
	objects = {

/* Begin PBXBuildFile section */
		3D842B0D1CAE75CD00B2D2CA /* AppDelegate.swift in Sources */ = {isa = PBXBuildFile; fileRef = 3D842B0C1CAE75CD00B2D2CA /* AppDelegate.swift */; };
		3D842B0F1CAE75CD00B2D2CA /* ViewController.swift in Sources */ = {isa = PBXBuildFile; fileRef = 3D842B0E1CAE75CD00B2D2CA /* ViewController.swift */; };
		3D842B121CAE75CD00B2D2CA /* Main.storyboard in Resources */ = {isa = PBXBuildFile; fileRef = 3D842B101CAE75CD00B2D2CA /* Main.storyboard */; };
		3D842B141CAE75CD00B2D2CA /* Assets.xcassets in Resources */ = {isa = PBXBuildFile; fileRef = 3D842B131CAE75CD00B2D2CA /* Assets.xcassets */; };
		3D842B171CAE75CD00B2D2CA /* LaunchScreen.storyboard in Resources */ = {isa = PBXBuildFile; fileRef = 3D842B151CAE75CD00B2D2CA /* LaunchScreen.storyboard */; };
		3D842B221CAE75CD00B2D2CA /* MusicVideoTests.swift in Sources */ = {isa = PBXBuildFile; fileRef = 3D842B211CAE75CD00B2D2CA /* MusicVideoTests.swift */; };
		3D842B2D1CAE75CD00B2D2CA /* MusicVideoUITests.swift in Sources */ = {isa = PBXBuildFile; fileRef = 3D842B2C1CAE75CD00B2D2CA /* MusicVideoUITests.swift */; };
/* End PBXBuildFile section */

/* Begin PBXContainerItemProxy section */
		3D842B1E1CAE75CD00B2D2CA /* PBXContainerItemProxy */ = {
			isa = PBXContainerItemProxy;
			containerPortal = 3D842B011CAE75CD00B2D2CA /* Project object */;
			proxyType = 1;
			remoteGlobalIDString = 3D842B081CAE75CD00B2D2CA;
			remoteInfo = MusicVideo;
		};
		3D842B291CAE75CD00B2D2CA /* PBXContainerItemProxy */ = {
			isa = PBXContainerItemProxy;
			containerPortal = 3D842B011CAE75CD00B2D2CA /* Project object */;
			proxyType = 1;
			remoteGlobalIDString = 3D842B081CAE75CD00B2D2CA;
			remoteInfo = MusicVideo;
		};
/* End PBXContainerItemProxy section */

/* Begin PBXFileReference section */
		3D842B091CAE75CD00B2D2CA /* MusicVideo.app */ = {isa = PBXFileReference; explicitFileType = wrapper.application; includeInIndex = 0; path = MusicVideo.app; sourceTree = BUILT_PRODUCTS_DIR; };
		3D842B0C1CAE75CD00B2D2CA /* AppDelegate.swift */ = {isa = PBXFileReference; lastKnownFileType = sourcecode.swift; path = AppDelegate.swift; sourceTree = "<group>"; };
		3D842B0E1CAE75CD00B2D2CA /* ViewController.swift */ = {isa = PBXFileReference; lastKnownFileType = sourcecode.swift; path = ViewController.swift; sourceTree = "<group>"; };
		3D842B111CAE75CD00B2D2CA /* Base */ = {isa = PBXFileReference; lastKnownFileType = file.storyboard; name = Base; path = Base.lproj/Main.storyboard; sourceTree = "<group>"; };
		3D842B131CAE75CD00B2D2CA /* Assets.xcassets */ = {isa = PBXFileReference; lastKnownFileType = folder.assetcatalog; path = Assets.xcassets; sourceTree = "<group>"; };
		3D842B161CAE75CD00B2D2CA /* Base */ = {isa = PBXFileReference; lastKnownFileType = file.storyboard; name = Base; path = Base.lproj/LaunchScreen.storyboard; sourceTree = "<group>"; };
		3D842B181CAE75CD00B2D2CA /* Info.plist */ = {isa = PBXFileReference; lastKnownFileType = text.plist.xml; path = Info.plist; sourceTree = "<group>"; };
		3D842B1D1CAE75CD00B2D2CA /* MusicVideoTests.xctest */ = {isa = PBXFileReference; explicitFileType = wrapper.cfbundle; includeInIndex = 0; path = MusicVideoTests.xctest; sourceTree = BUILT_PRODUCTS_DIR; };
		3D842B211CAE75CD00B2D2CA /* MusicVideoTests.swift */ = {isa = PBXFileReference; lastKnownFileType = sourcecode.swift; path = MusicVideoTests.swift; sourceTree = "<group>"; };
		3D842B231CAE75CD00B2D2CA /* Info.plist */ = {isa = PBXFileReference; lastKnownFileType = text.plist.xml; path = Info.plist; sourceTree = "<group>"; };
		3D842B281CAE75CD00B2D2CA /* MusicVideoUITests.xctest */ = {isa = PBXFileReference; explicitFileType = wrapper.cfbundle; includeInIndex = 0; path = MusicVideoUITests.xctest; sourceTree = BUILT_PRODUCTS_DIR; };
		3D842B2C1CAE75CD00B2D2CA /* MusicVideoUITests.swift */ = {isa = PBXFileReference; lastKnownFileType = sourcecode.swift; path = MusicVideoUITests.swift; sourceTree = "<group>"; };
		3D842B2E1CAE75CD00B2D2CA /* Info.plist */ = {isa = PBXFileReference; lastKnownFileType = text.plist.xml; path = Info.plist; sourceTree = "<group>"; };
/* End PBXFileReference section */

/* Begin PBXFrameworksBuildPhase section */
		3D842B061CAE75CD00B2D2CA /* Frameworks */ = {
			isa = PBXFrameworksBuildPhase;
			buildActionMask = 2147483647;
			files = (
			);
			runOnlyForDeploymentPostprocessing = 0;
		};
		3D842B1A1CAE75CD00B2D2CA /* Frameworks */ = {
			isa = PBXFrameworksBuildPhase;
			buildActionMask = 2147483647;
			files = (
			);
			runOnlyForDeploymentPostprocessing = 0;
		};
		3D842B251CAE75CD00B2D2CA /* Frameworks */ = {
			isa = PBXFrameworksBuildPhase;
			buildActionMask = 2147483647;
			files = (
			);
			runOnlyForDeploymentPostprocessing = 0;
		};
/* End PBXFrameworksBuildPhase section */

/* Begin PBXGroup section */
		3D842B001CAE75CD00B2D2CA = {
			isa = PBXGroup;
			children = (
				3D842B0B1CAE75CD00B2D2CA /* MusicVideo */,
				3D842B201CAE75CD00B2D2CA /* MusicVideoTests */,
				3D842B2B1CAE75CD00B2D2CA /* MusicVideoUITests */,
				3D842B0A1CAE75CD00B2D2CA /* Products */,
			);
			sourceTree = "<group>";
		};
		3D842B0A1CAE75CD00B2D2CA /* Products */ = {
			isa = PBXGroup;
			children = (
				3D842B091CAE75CD00B2D2CA /* MusicVideo.app */,
				3D842B1D1CAE75CD00B2D2CA /* MusicVideoTests.xctest */,
				3D842B281CAE75CD00B2D2CA /* MusicVideoUITests.xctest */,
			);
			name = Products;
			sourceTree = "<group>";
		};
		3D842B0B1CAE75CD00B2D2CA /* MusicVideo */ = {
			isa = PBXGroup;
			children = (
				3D842B3D1CAE7DBC00B2D2CA /* Supporting Files */,
				3D842B3A1CAE7D6100B2D2CA /* Model */,
				3D842B3B1CAE7D7800B2D2CA /* Controller */,
				3D842B3C1CAE7D9400B2D2CA /* View */,
			);
			path = MusicVideo;
			sourceTree = "<group>";
		};
		3D842B201CAE75CD00B2D2CA /* MusicVideoTests */ = {
			isa = PBXGroup;
			children = (
				3D842B211CAE75CD00B2D2CA /* MusicVideoTests.swift */,
				3D842B231CAE75CD00B2D2CA /* Info.plist */,
			);
			path = MusicVideoTests;
			sourceTree = "<group>";
		};
		3D842B2B1CAE75CD00B2D2CA /* MusicVideoUITests */ = {
			isa = PBXGroup;
			children = (
				3D842B2C1CAE75CD00B2D2CA /* MusicVideoUITests.swift */,
				3D842B2E1CAE75CD00B2D2CA /* Info.plist */,
			);
			path = MusicVideoUITests;
			sourceTree = "<group>";
		};
		3D842B3A1CAE7D6100B2D2CA /* Model */ = {
			isa = PBXGroup;
			children = (
			);
			name = Model;
			sourceTree = "<group>";
		};
		3D842B3B1CAE7D7800B2D2CA /* Controller */ = {
			isa = PBXGroup;
			children = (
				3D842B0E1CAE75CD00B2D2CA /* ViewController.swift */,
			);
			name = Controller;
			sourceTree = "<group>";
		};
		3D842B3C1CAE7D9400B2D2CA /* View */ = {
			isa = PBXGroup;
			children = (
				3D842B101CAE75CD00B2D2CA /* Main.storyboard */,
				3D842B151CAE75CD00B2D2CA /* LaunchScreen.storyboard */,
			);
			name = View;
			sourceTree = "<group>";
		};
		3D842B3D1CAE7DBC00B2D2CA /* Supporting Files */ = {
			isa = PBXGroup;
			children = (
				3D842B131CAE75CD00B2D2CA /* Assets.xcassets */,
				3D842B0C1CAE75CD00B2D2CA /* AppDelegate.swift */,
				3D842B181CAE75CD00B2D2CA /* Info.plist */,
			);
			name = "Supporting Files";
			sourceTree = "<group>";
		};
/* End PBXGroup section */

/* Begin PBXNativeTarget section */
		3D842B081CAE75CD00B2D2CA /* MusicVideo */ = {
			isa = PBXNativeTarget;
			buildConfigurationList = 3D842B311CAE75CD00B2D2CA /* Build configuration list for PBXNativeTarget "MusicVideo" */;
			buildPhases = (
				3D842B051CAE75CD00B2D2CA /* Sources */,
				3D842B061CAE75CD00B2D2CA /* Frameworks */,
				3D842B071CAE75CD00B2D2CA /* Resources */,
			);
			buildRules = (
			);
			dependencies = (
			);
			name = MusicVideo;
			productName = MusicVideo;
			productReference = 3D842B091CAE75CD00B2D2CA /* MusicVideo.app */;
			productType = "com.apple.product-type.application";
		};
		3D842B1C1CAE75CD00B2D2CA /* MusicVideoTests */ = {
			isa = PBXNativeTarget;
			buildConfigurationList = 3D842B341CAE75CD00B2D2CA /* Build configuration list for PBXNativeTarget "MusicVideoTests" */;
			buildPhases = (
				3D842B191CAE75CD00B2D2CA /* Sources */,
				3D842B1A1CAE75CD00B2D2CA /* Frameworks */,
				3D842B1B1CAE75CD00B2D2CA /* Resources */,
			);
			buildRules = (
			);
			dependencies = (
				3D842B1F1CAE75CD00B2D2CA /* PBXTargetDependency */,
			);
			name = MusicVideoTests;
			productName = MusicVideoTests;
			productReference = 3D842B1D1CAE75CD00B2D2CA /* MusicVideoTests.xctest */;
			productType = "com.apple.product-type.bundle.unit-test";
		};
		3D842B271CAE75CD00B2D2CA /* MusicVideoUITests */ = {
			isa = PBXNativeTarget;
			buildConfigurationList = 3D842B371CAE75CD00B2D2CA /* Build configuration list for PBXNativeTarget "MusicVideoUITests" */;
			buildPhases = (
				3D842B241CAE75CD00B2D2CA /* Sources */,
				3D842B251CAE75CD00B2D2CA /* Frameworks */,
				3D842B261CAE75CD00B2D2CA /* Resources */,
			);
			buildRules = (
			);
			dependencies = (
				3D842B2A1CAE75CD00B2D2CA /* PBXTargetDependency */,
			);
			name = MusicVideoUITests;
			productName = MusicVideoUITests;
			productReference = 3D842B281CAE75CD00B2D2CA /* MusicVideoUITests.xctest */;
			productType = "com.apple.product-type.bundle.ui-testing";
		};
/* End PBXNativeTarget section */

/* Begin PBXProject section */
		3D842B011CAE75CD00B2D2CA /* Project object */ = {
			isa = PBXProject;
			attributes = {
				LastSwiftUpdateCheck = 0730;
				LastUpgradeCheck = 0730;
				ORGANIZATIONNAME = cyLAB;
				TargetAttributes = {
					3D842B081CAE75CD00B2D2CA = {
						CreatedOnToolsVersion = 7.3;
						DevelopmentTeam = V2EFE35Z2X;
					};
					3D842B1C1CAE75CD00B2D2CA = {
						CreatedOnToolsVersion = 7.3;
						DevelopmentTeam = V2EFE35Z2X;
						TestTargetID = 3D842B081CAE75CD00B2D2CA;
					};
					3D842B271CAE75CD00B2D2CA = {
						CreatedOnToolsVersion = 7.3;
						DevelopmentTeam = V2EFE35Z2X;
						TestTargetID = 3D842B081CAE75CD00B2D2CA;
					};
				};
			};
			buildConfigurationList = 3D842B041CAE75CD00B2D2CA /* Build configuration list for PBXProject "MusicVideo" */;
			compatibilityVersion = "Xcode 3.2";
			developmentRegion = English;
			hasScannedForEncodings = 0;
			knownRegions = (
				en,
				Base,
			);
			mainGroup = 3D842B001CAE75CD00B2D2CA;
			productRefGroup = 3D842B0A1CAE75CD00B2D2CA /* Products */;
			projectDirPath = "";
			projectRoot = "";
			targets = (
				3D842B081CAE75CD00B2D2CA /* MusicVideo */,
				3D842B1C1CAE75CD00B2D2CA /* MusicVideoTests */,
				3D842B271CAE75CD00B2D2CA /* MusicVideoUITests */,
			);
		};
/* End PBXProject section */

/* Begin PBXResourcesBuildPhase section */
		3D842B071CAE75CD00B2D2CA /* Resources */ = {
			isa = PBXResourcesBuildPhase;
			buildActionMask = 2147483647;
			files = (
				3D842B171CAE75CD00B2D2CA /* LaunchScreen.storyboard in Resources */,
				3D842B141CAE75CD00B2D2CA /* Assets.xcassets in Resources */,
				3D842B121CAE75CD00B2D2CA /* Main.storyboard in Resources */,
			);
			runOnlyForDeploymentPostprocessing = 0;
		};
		3D842B1B1CAE75CD00B2D2CA /* Resources */ = {
			isa = PBXResourcesBuildPhase;
			buildActionMask = 2147483647;
			files = (
			);
			runOnlyForDeploymentPostprocessing = 0;
		};
		3D842B261CAE75CD00B2D2CA /* Resources */ = {
			isa = PBXResourcesBuildPhase;
			buildActionMask = 2147483647;
			files = (
			);
			runOnlyForDeploymentPostprocessing = 0;
		};
/* End PBXResourcesBuildPhase section */

/* Begin PBXSourcesBuildPhase section */
		3D842B051CAE75CD00B2D2CA /* Sources */ = {
			isa = PBXSourcesBuildPhase;
			buildActionMask = 2147483647;
			files = (
				3D842B0F1CAE75CD00B2D2CA /* ViewController.swift in Sources */,
				3D842B0D1CAE75CD00B2D2CA /* AppDelegate.swift in Sources */,
			);
			runOnlyForDeploymentPostprocessing = 0;
		};
		3D842B191CAE75CD00B2D2CA /* Sources */ = {
			isa = PBXSourcesBuildPhase;
			buildActionMask = 2147483647;
			files = (
				3D842B221CAE75CD00B2D2CA /* MusicVideoTests.swift in Sources */,
			);
			runOnlyForDeploymentPostprocessing = 0;
		};
		3D842B241CAE75CD00B2D2CA /* Sources */ = {
			isa = PBXSourcesBuildPhase;
			buildActionMask = 2147483647;
			files = (
				3D842B2D1CAE75CD00B2D2CA /* MusicVideoUITests.swift in Sources */,
			);
			runOnlyForDeploymentPostprocessing = 0;
		};
/* End PBXSourcesBuildPhase section */

/* Begin PBXTargetDependency section */
		3D842B1F1CAE75CD00B2D2CA /* PBXTargetDependency */ = {
			isa = PBXTargetDependency;
			target = 3D842B081CAE75CD00B2D2CA /* MusicVideo */;
			targetProxy = 3D842B1E1CAE75CD00B2D2CA /* PBXContainerItemProxy */;
		};
		3D842B2A1CAE75CD00B2D2CA /* PBXTargetDependency */ = {
			isa = PBXTargetDependency;
			target = 3D842B081CAE75CD00B2D2CA /* MusicVideo */;
			targetProxy = 3D842B291CAE75CD00B2D2CA /* PBXContainerItemProxy */;
		};
/* End PBXTargetDependency section */

/* Begin PBXVariantGroup section */
		3D842B101CAE75CD00B2D2CA /* Main.storyboard */ = {
			isa = PBXVariantGroup;
			children = (
				3D842B111CAE75CD00B2D2CA /* Base */,
			);
			name = Main.storyboard;
			sourceTree = "<group>";
		};
		3D842B151CAE75CD00B2D2CA /* LaunchScreen.storyboard */ = {
			isa = PBXVariantGroup;
			children = (
				3D842B161CAE75CD00B2D2CA /* Base */,
			);
			name = LaunchScreen.storyboard;
			sourceTree = "<group>";
		};
/* End PBXVariantGroup section */

/* Begin XCBuildConfiguration section */
		3D842B2F1CAE75CD00B2D2CA /* Debug */ = {
			isa = XCBuildConfiguration;
			buildSettings = {
				ALWAYS_SEARCH_USER_PATHS = NO;
				CLANG_ANALYZER_NONNULL = YES;
				CLANG_CXX_LANGUAGE_STANDARD = "gnu++0x";
				CLANG_CXX_LIBRARY = "libc++";
				CLANG_ENABLE_MODULES = YES;
				CLANG_ENABLE_OBJC_ARC = YES;
				CLANG_WARN_BOOL_CONVERSION = YES;
				CLANG_WARN_CONSTANT_CONVERSION = YES;
				CLANG_WARN_DIRECT_OBJC_ISA_USAGE = YES_ERROR;
				CLANG_WARN_EMPTY_BODY = YES;
				CLANG_WARN_ENUM_CONVERSION = YES;
				CLANG_WARN_INT_CONVERSION = YES;
				CLANG_WARN_OBJC_ROOT_CLASS = YES_ERROR;
				CLANG_WARN_UNREACHABLE_CODE = YES;
				CLANG_WARN__DUPLICATE_METHOD_MATCH = YES;
				"CODE_SIGN_IDENTITY[sdk=iphoneos*]" = "iPhone Developer";
				COPY_PHASE_STRIP = NO;
				DEBUG_INFORMATION_FORMAT = dwarf;
				ENABLE_STRICT_OBJC_MSGSEND = YES;
				ENABLE_TESTABILITY = YES;
				GCC_C_LANGUAGE_STANDARD = gnu99;
				GCC_DYNAMIC_NO_PIC = NO;
				GCC_NO_COMMON_BLOCKS = YES;
				GCC_OPTIMIZATION_LEVEL = 0;
				GCC_PREPROCESSOR_DEFINITIONS = (
					"DEBUG=1",
					"$(inherited)",
				);
				GCC_WARN_64_TO_32_BIT_CONVERSION = YES;
				GCC_WARN_ABOUT_RETURN_TYPE = YES_ERROR;
				GCC_WARN_UNDECLARED_SELECTOR = YES;
				GCC_WARN_UNINITIALIZED_AUTOS = YES_AGGRESSIVE;
				GCC_WARN_UNUSED_FUNCTION = YES;
				GCC_WARN_UNUSED_VARIABLE = YES;
				IPHONEOS_DEPLOYMENT_TARGET = 9.3;
				MTL_ENABLE_DEBUG_INFO = YES;
				ONLY_ACTIVE_ARCH = YES;
				SDKROOT = iphoneos;
				SWIFT_OPTIMIZATION_LEVEL = "-Onone";
				TARGETED_DEVICE_FAMILY = "1,2";
			};
			name = Debug;
		};
		3D842B301CAE75CD00B2D2CA /* Release */ = {
			isa = XCBuildConfiguration;
			buildSettings = {
				ALWAYS_SEARCH_USER_PATHS = NO;
				CLANG_ANALYZER_NONNULL = YES;
				CLANG_CXX_LANGUAGE_STANDARD = "gnu++0x";
				CLANG_CXX_LIBRARY = "libc++";
				CLANG_ENABLE_MODULES = YES;
				CLANG_ENABLE_OBJC_ARC = YES;
				CLANG_WARN_BOOL_CONVERSION = YES;
				CLANG_WARN_CONSTANT_CONVERSION = YES;
				CLANG_WARN_DIRECT_OBJC_ISA_USAGE = YES_ERROR;
				CLANG_WARN_EMPTY_BODY = YES;
				CLANG_WARN_ENUM_CONVERSION = YES;
				CLANG_WARN_INT_CONVERSION = YES;
				CLANG_WARN_OBJC_ROOT_CLASS = YES_ERROR;
				CLANG_WARN_UNREACHABLE_CODE = YES;
				CLANG_WARN__DUPLICATE_METHOD_MATCH = YES;
				"CODE_SIGN_IDENTITY[sdk=iphoneos*]" = "iPhone Developer";
				COPY_PHASE_STRIP = NO;
				DEBUG_INFORMATION_FORMAT = "dwarf-with-dsym";
				ENABLE_NS_ASSERTIONS = NO;
				ENABLE_STRICT_OBJC_MSGSEND = YES;
				GCC_C_LANGUAGE_STANDARD = gnu99;
				GCC_NO_COMMON_BLOCKS = YES;
				GCC_WARN_64_TO_32_BIT_CONVERSION = YES;
				GCC_WARN_ABOUT_RETURN_TYPE = YES_ERROR;
				GCC_WARN_UNDECLARED_SELECTOR = YES;
				GCC_WARN_UNINITIALIZED_AUTOS = YES_AGGRESSIVE;
				GCC_WARN_UNUSED_FUNCTION = YES;
				GCC_WARN_UNUSED_VARIABLE = YES;
				IPHONEOS_DEPLOYMENT_TARGET = 9.3;
				MTL_ENABLE_DEBUG_INFO = NO;
				SDKROOT = iphoneos;
				TARGETED_DEVICE_FAMILY = "1,2";
				VALIDATE_PRODUCT = YES;
			};
			name = Release;
		};
		3D842B321CAE75CD00B2D2CA /* Debug */ = {
			isa = XCBuildConfiguration;
			buildSettings = {
				ASSETCATALOG_COMPILER_APPICON_NAME = AppIcon;
				INFOPLIST_FILE = MusicVideo/Info.plist;
				LD_RUNPATH_SEARCH_PATHS = "$(inherited) @executable_path/Frameworks";
				PRODUCT_BUNDLE_IDENTIFIER = com.cylab.MusicVideo;
				PRODUCT_NAME = "$(TARGET_NAME)";
			};
			name = Debug;
		};
		3D842B331CAE75CD00B2D2CA /* Release */ = {
			isa = XCBuildConfiguration;
			buildSettings = {
				ASSETCATALOG_COMPILER_APPICON_NAME = AppIcon;
				INFOPLIST_FILE = MusicVideo/Info.plist;
				LD_RUNPATH_SEARCH_PATHS = "$(inherited) @executable_path/Frameworks";
				PRODUCT_BUNDLE_IDENTIFIER = com.cylab.MusicVideo;
				PRODUCT_NAME = "$(TARGET_NAME)";
			};
			name = Release;
		};
		3D842B351CAE75CD00B2D2CA /* Debug */ = {
			isa = XCBuildConfiguration;
			buildSettings = {
				BUNDLE_LOADER = "$(TEST_HOST)";
				INFOPLIST_FILE = MusicVideoTests/Info.plist;
				LD_RUNPATH_SEARCH_PATHS = "$(inherited) @executable_path/Frameworks @loader_path/Frameworks";
				PRODUCT_BUNDLE_IDENTIFIER = com.cylab.MusicVideoTests;
				PRODUCT_NAME = "$(TARGET_NAME)";
				TEST_HOST = "$(BUILT_PRODUCTS_DIR)/MusicVideo.app/MusicVideo";
			};
			name = Debug;
		};
		3D842B361CAE75CD00B2D2CA /* Release */ = {
			isa = XCBuildConfiguration;
			buildSettings = {
				BUNDLE_LOADER = "$(TEST_HOST)";
				INFOPLIST_FILE = MusicVideoTests/Info.plist;
				LD_RUNPATH_SEARCH_PATHS = "$(inherited) @executable_path/Frameworks @loader_path/Frameworks";
				PRODUCT_BUNDLE_IDENTIFIER = com.cylab.MusicVideoTests;
				PRODUCT_NAME = "$(TARGET_NAME)";
				TEST_HOST = "$(BUILT_PRODUCTS_DIR)/MusicVideo.app/MusicVideo";
			};
			name = Release;
		};
		3D842B381CAE75CD00B2D2CA /* Debug */ = {
			isa = XCBuildConfiguration;
			buildSettings = {
				INFOPLIST_FILE = MusicVideoUITests/Info.plist;
				LD_RUNPATH_SEARCH_PATHS = "$(inherited) @executable_path/Frameworks @loader_path/Frameworks";
				PRODUCT_BUNDLE_IDENTIFIER = com.cylab.MusicVideoUITests;
				PRODUCT_NAME = "$(TARGET_NAME)";
				TEST_TARGET_NAME = MusicVideo;
			};
			name = Debug;
		};
		3D842B391CAE75CD00B2D2CA /* Release */ = {
			isa = XCBuildConfiguration;
			buildSettings = {
				INFOPLIST_FILE = MusicVideoUITests/Info.plist;
				LD_RUNPATH_SEARCH_PATHS = "$(inherited) @executable_path/Frameworks @loader_path/Frameworks";
				PRODUCT_BUNDLE_IDENTIFIER = com.cylab.MusicVideoUITests;
				PRODUCT_NAME = "$(TARGET_NAME)";
				TEST_TARGET_NAME = MusicVideo;
			};
			name = Release;
		};
/* End XCBuildConfiguration section */

/* Begin XCConfigurationList section */
		3D842B041CAE75CD00B2D2CA /* Build configuration list for PBXProject "MusicVideo" */ = {
			isa = XCConfigurationList;
			buildConfigurations = (
				3D842B2F1CAE75CD00B2D2CA /* Debug */,
				3D842B301CAE75CD00B2D2CA /* Release */,
			);
			defaultConfigurationIsVisible = 0;
			defaultConfigurationName = Release;
		};
		3D842B311CAE75CD00B2D2CA /* Build configuration list for PBXNativeTarget "MusicVideo" */ = {
			isa = XCConfigurationList;
			buildConfigurations = (
				3D842B321CAE75CD00B2D2CA /* Debug */,
				3D842B331CAE75CD00B2D2CA /* Release */,
			);
			defaultConfigurationIsVisible = 0;
		};
		3D842B341CAE75CD00B2D2CA /* Build configuration list for PBXNativeTarget "MusicVideoTests" */ = {
			isa = XCConfigurationList;
			buildConfigurations = (
				3D842B351CAE75CD00B2D2CA /* Debug */,
				3D842B361CAE75CD00B2D2CA /* Release */,
			);
			defaultConfigurationIsVisible = 0;
		};
		3D842B371CAE75CD00B2D2CA /* Build configuration list for PBXNativeTarget "MusicVideoUITests" */ = {
			isa = XCConfigurationList;
			buildConfigurations = (
				3D842B381CAE75CD00B2D2CA /* Debug */,
				3D842B391CAE75CD00B2D2CA /* Release */,
			);
			defaultConfigurationIsVisible = 0;
		};
/* End XCConfigurationList section */
	};
	rootObject = 3D842B011CAE75CD00B2D2CA /* Project object */;
}
